
Microsoft Visual Studio Solution File, Format Version 12.00
# Visual Studio Version 17
VisualStudioVersion = 17.3.32819.101
MinimumVisualStudioVersion = 10.0.40219.1
Project("{FAE04EC0-301F-11D3-BF4B-00C04F79EFBC}") = "SanaCShapr01", "SanaCShapr01\SanaCShapr01.csproj", "{CE915320-E65D-41FC-A217-2914514E4DF5}"
EndProject
Project("{FAE04EC0-301F-11D3-BF4B-00C04F79EFBC}") = "LinearExpressions_2", "..\LinearExpressions_2\LinearExpressions_2.csproj", "{5D26241E-9C73-4702-AA28-A07340AB8C97}"
EndProject
Global
	GlobalSection(SolutionConfigurationPlatforms) = preSolution
		Debug|Any CPU = Debug|Any CPU
		Release|Any CPU = Release|Any CPU
	EndGlobalSection
	GlobalSection(ProjectConfigurationPlatforms) = postSolution
		{CE915320-E65D-41FC-A217-2914514E4DF5}.Debug|Any CPU.ActiveCfg = Debug|Any CPU
		{CE915320-E65D-41FC-A217-2914514E4DF5}.Debug|Any CPU.Build.0 = Debug|Any CPU
		{CE915320-E65D-41FC-A217-2914514E4DF5}.Release|Any CPU.ActiveCfg = Release|Any CPU
		{CE915320-E65D-41FC-A217-2914514E4DF5}.Release|Any CPU.Build.0 = Release|Any CPU
		{5D26241E-9C73-4702-AA28-A07340AB8C97}.Debug|Any CPU.ActiveCfg = Debug|Any CPU
		{5D26241E-9C73-4702-AA28-A07340AB8C97}.Debug|Any CPU.Build.0 = Debug|Any CPU
		{5D26241E-9C73-4702-AA28-A07340AB8C97}.Release|Any CPU.ActiveCfg = Release|Any CPU
		{5D26241E-9C73-4702-AA28-A07340AB8C97}.Release|Any CPU.Build.0 = Release|Any CPU
	EndGlobalSection
	GlobalSection(SolutionProperties) = preSolution
		HideSolutionNode = FALSE
	EndGlobalSection
	GlobalSection(ExtensibilityGlobals) = postSolution
		SolutionGuid = {E0AB231A-A43F-4D4E-A091-FD21E6C7D7B9}
	EndGlobalSection
EndGlobal
