
Microsoft Visual Studio Solution File, Format Version 12.00
# Visual Studio Version 16
VisualStudioVersion = 16.0.32802.440
MinimumVisualStudioVersion = 10.0.40219.1
Project("{FAE04EC0-301F-11D3-BF4B-00C04F79EFBC}") = "SanaCShapr01", "LinearExpressions1\SanaCShapr01.csproj", "{0A99AA27-C4D2-417A-9133-7D5FDFEFB3D4}"
EndProject
Global
	GlobalSection(SolutionConfigurationPlatforms) = preSolution
		Debug|Any CPU = Debug|Any CPU
		Release|Any CPU = Release|Any CPU
	EndGlobalSection
	GlobalSection(ProjectConfigurationPlatforms) = postSolution
		{0A99AA27-C4D2-417A-9133-7D5FDFEFB3D4}.Debug|Any CPU.ActiveCfg = Debug|Any CPU
		{0A99AA27-C4D2-417A-9133-7D5FDFEFB3D4}.Debug|Any CPU.Build.0 = Debug|Any CPU
		{0A99AA27-C4D2-417A-9133-7D5FDFEFB3D4}.Release|Any CPU.ActiveCfg = Release|Any CPU
		{0A99AA27-C4D2-417A-9133-7D5FDFEFB3D4}.Release|Any CPU.Build.0 = Release|Any CPU
	EndGlobalSection
	GlobalSection(SolutionProperties) = preSolution
		HideSolutionNode = FALSE
	EndGlobalSection
	GlobalSection(ExtensibilityGlobals) = postSolution
		SolutionGuid = {098EFF3C-7FD4-4436-A9C6-5EF8B120707E}
	EndGlobalSection
EndGlobal
