
Microsoft Visual Studio Solution File, Format Version 12.00
# Visual Studio Version 17
VisualStudioVersion = 17.3.32929.385
MinimumVisualStudioVersion = 10.0.40219.1
Project("{9A19103F-16F7-4668-BE54-9A1E7A4F7556}") = "LinearExpressions1", "LinearExpressions1\LinearExpressions1.csproj", "{9BB581E6-DB5E-4484-9346-C52EF2101477}"
EndProject
Project("{FAE04EC0-301F-11D3-BF4B-00C04F79EFBC}") = "LinearExpressions2", "LinearExpressions2\LinearExpressions2.csproj", "{DD14D465-EDDA-424D-865B-6678F674B198}"
EndProject
Global
	GlobalSection(SolutionConfigurationPlatforms) = preSolution
		Debug|Any CPU = Debug|Any CPU
		Release|Any CPU = Release|Any CPU
	EndGlobalSection
	GlobalSection(ProjectConfigurationPlatforms) = postSolution
		{9BB581E6-DB5E-4484-9346-C52EF2101477}.Debug|Any CPU.ActiveCfg = Debug|Any CPU
		{9BB581E6-DB5E-4484-9346-C52EF2101477}.Debug|Any CPU.Build.0 = Debug|Any CPU
		{9BB581E6-DB5E-4484-9346-C52EF2101477}.Release|Any CPU.ActiveCfg = Release|Any CPU
		{9BB581E6-DB5E-4484-9346-C52EF2101477}.Release|Any CPU.Build.0 = Release|Any CPU
		{DD14D465-EDDA-424D-865B-6678F674B198}.Debug|Any CPU.ActiveCfg = Debug|Any CPU
		{DD14D465-EDDA-424D-865B-6678F674B198}.Debug|Any CPU.Build.0 = Debug|Any CPU
		{DD14D465-EDDA-424D-865B-6678F674B198}.Release|Any CPU.ActiveCfg = Release|Any CPU
		{DD14D465-EDDA-424D-865B-6678F674B198}.Release|Any CPU.Build.0 = Release|Any CPU
	EndGlobalSection
	GlobalSection(SolutionProperties) = preSolution
		HideSolutionNode = FALSE
	EndGlobalSection
	GlobalSection(ExtensibilityGlobals) = postSolution
		SolutionGuid = {9C2CE22A-67D3-4168-8ACD-1B14EAD60002}
	EndGlobalSection
EndGlobal
