
Microsoft Visual Studio Solution File, Format Version 12.00
# Visual Studio Version 17
VisualStudioVersion = 17.3.32929.385
MinimumVisualStudioVersion = 10.0.40219.1
Project("{FAE04EC0-301F-11D3-BF4B-00C04F79EFBC}") = "LinearExpressions1", "LinearExpressions1\LinearExpressions1.csproj", "{4AD6E114-6FEB-4433-94F0-D04EC04C5E0E}"
EndProject
Project("{FAE04EC0-301F-11D3-BF4B-00C04F79EFBC}") = "LinearExpressions2", "LinearExpressions2\LinearExpressions2.csproj", "{1BF9B60C-E29D-43E1-A7F7-557935D495BD}"
EndProject
Global
	GlobalSection(SolutionConfigurationPlatforms) = preSolution
		Debug|Any CPU = Debug|Any CPU
		Release|Any CPU = Release|Any CPU
	EndGlobalSection
	GlobalSection(ProjectConfigurationPlatforms) = postSolution
		{4AD6E114-6FEB-4433-94F0-D04EC04C5E0E}.Debug|Any CPU.ActiveCfg = Debug|Any CPU
		{4AD6E114-6FEB-4433-94F0-D04EC04C5E0E}.Debug|Any CPU.Build.0 = Debug|Any CPU
		{4AD6E114-6FEB-4433-94F0-D04EC04C5E0E}.Release|Any CPU.ActiveCfg = Release|Any CPU
		{4AD6E114-6FEB-4433-94F0-D04EC04C5E0E}.Release|Any CPU.Build.0 = Release|Any CPU
		{1BF9B60C-E29D-43E1-A7F7-557935D495BD}.Debug|Any CPU.ActiveCfg = Debug|Any CPU
		{1BF9B60C-E29D-43E1-A7F7-557935D495BD}.Debug|Any CPU.Build.0 = Debug|Any CPU
		{1BF9B60C-E29D-43E1-A7F7-557935D495BD}.Release|Any CPU.ActiveCfg = Release|Any CPU
		{1BF9B60C-E29D-43E1-A7F7-557935D495BD}.Release|Any CPU.Build.0 = Release|Any CPU
	EndGlobalSection
	GlobalSection(SolutionProperties) = preSolution
		HideSolutionNode = FALSE
	EndGlobalSection
	GlobalSection(ExtensibilityGlobals) = postSolution
		SolutionGuid = {4DBC9E86-8BEC-4695-A6D4-26B9A08D85A6}
	EndGlobalSection
EndGlobal
