
Microsoft Visual Studio Solution File, Format Version 12.00
# Visual Studio Version 17
VisualStudioVersion = 17.3.32929.385
MinimumVisualStudioVersion = 10.0.40219.1
Project("{9A19103F-16F7-4668-BE54-9A1E7A4F7556}") = "LinearExpressions1", "LinearExpressions1\LinearExpressions1.csproj", "{1309F812-158A-4DFE-8881-3BBAB87B7852}"
EndProject
Project("{FAE04EC0-301F-11D3-BF4B-00C04F79EFBC}") = "LinearExpressions2", "LinearExpressions2\LinearExpressions2.csproj", "{1F22C538-D311-41BA-B1FF-1778D13571CF}"
EndProject
Global
	GlobalSection(SolutionConfigurationPlatforms) = preSolution
		Debug|Any CPU = Debug|Any CPU
		Release|Any CPU = Release|Any CPU
	EndGlobalSection
	GlobalSection(ProjectConfigurationPlatforms) = postSolution
		{1309F812-158A-4DFE-8881-3BBAB87B7852}.Debug|Any CPU.ActiveCfg = Debug|Any CPU
		{1309F812-158A-4DFE-8881-3BBAB87B7852}.Debug|Any CPU.Build.0 = Debug|Any CPU
		{1309F812-158A-4DFE-8881-3BBAB87B7852}.Release|Any CPU.ActiveCfg = Release|Any CPU
		{1309F812-158A-4DFE-8881-3BBAB87B7852}.Release|Any CPU.Build.0 = Release|Any CPU
		{1F22C538-D311-41BA-B1FF-1778D13571CF}.Debug|Any CPU.ActiveCfg = Debug|Any CPU
		{1F22C538-D311-41BA-B1FF-1778D13571CF}.Debug|Any CPU.Build.0 = Debug|Any CPU
		{1F22C538-D311-41BA-B1FF-1778D13571CF}.Release|Any CPU.ActiveCfg = Release|Any CPU
		{1F22C538-D311-41BA-B1FF-1778D13571CF}.Release|Any CPU.Build.0 = Release|Any CPU
	EndGlobalSection
	GlobalSection(SolutionProperties) = preSolution
		HideSolutionNode = FALSE
	EndGlobalSection
	GlobalSection(ExtensibilityGlobals) = postSolution
		SolutionGuid = {4376E30E-1A11-41E9-B7A2-2E8C87BE4C4D}
	EndGlobalSection
EndGlobal
