
Microsoft Visual Studio Solution File, Format Version 12.00
# Visual Studio Version 17
VisualStudioVersion = 17.4.33122.133
MinimumVisualStudioVersion = 10.0.40219.1
Project("{FAE04EC0-301F-11D3-BF4B-00C04F79EFBC}") = "LinearExpressions1", "LinearExpressions1\LinearExpressions1.csproj", "{33750B95-22DF-4441-9612-6E9430EB237C}"
EndProject
Global
	GlobalSection(SolutionConfigurationPlatforms) = preSolution
		Debug|Any CPU = Debug|Any CPU
		Release|Any CPU = Release|Any CPU
	EndGlobalSection
	GlobalSection(ProjectConfigurationPlatforms) = postSolution
		{33750B95-22DF-4441-9612-6E9430EB237C}.Debug|Any CPU.ActiveCfg = Debug|Any CPU
		{33750B95-22DF-4441-9612-6E9430EB237C}.Debug|Any CPU.Build.0 = Debug|Any CPU
		{33750B95-22DF-4441-9612-6E9430EB237C}.Release|Any CPU.ActiveCfg = Release|Any CPU
		{33750B95-22DF-4441-9612-6E9430EB237C}.Release|Any CPU.Build.0 = Release|Any CPU
	EndGlobalSection
	GlobalSection(SolutionProperties) = preSolution
		HideSolutionNode = FALSE
	EndGlobalSection
	GlobalSection(ExtensibilityGlobals) = postSolution
		SolutionGuid = {B4FC6450-D274-4DBF-B528-1959B270F565}
	EndGlobalSection
EndGlobal
