
Microsoft Visual Studio Solution File, Format Version 12.00
# Visual Studio Version 17
VisualStudioVersion = 17.3.32901.215
MinimumVisualStudioVersion = 10.0.40219.1
Project("{9A19103F-16F7-4668-BE54-9A1E7A4F7556}") = "LinearExpressions1", "task1\LinearExpressions1.csproj", "{9A53F113-3D74-4C97-877C-00E45369F843}"
EndProject
Project("{FAE04EC0-301F-11D3-BF4B-00C04F79EFBC}") = "LinearExpressions2", "LinearExpressions2\LinearExpressions2.csproj", "{945D59EA-A816-44A0-8379-7659477C034D}"
EndProject
Global
	GlobalSection(SolutionConfigurationPlatforms) = preSolution
		Debug|Any CPU = Debug|Any CPU
		Release|Any CPU = Release|Any CPU
	EndGlobalSection
	GlobalSection(ProjectConfigurationPlatforms) = postSolution
		{9A53F113-3D74-4C97-877C-00E45369F843}.Debug|Any CPU.ActiveCfg = Debug|Any CPU
		{9A53F113-3D74-4C97-877C-00E45369F843}.Debug|Any CPU.Build.0 = Debug|Any CPU
		{9A53F113-3D74-4C97-877C-00E45369F843}.Release|Any CPU.ActiveCfg = Release|Any CPU
		{9A53F113-3D74-4C97-877C-00E45369F843}.Release|Any CPU.Build.0 = Release|Any CPU
		{945D59EA-A816-44A0-8379-7659477C034D}.Debug|Any CPU.ActiveCfg = Debug|Any CPU
		{945D59EA-A816-44A0-8379-7659477C034D}.Debug|Any CPU.Build.0 = Debug|Any CPU
		{945D59EA-A816-44A0-8379-7659477C034D}.Release|Any CPU.ActiveCfg = Release|Any CPU
		{945D59EA-A816-44A0-8379-7659477C034D}.Release|Any CPU.Build.0 = Release|Any CPU
	EndGlobalSection
	GlobalSection(SolutionProperties) = preSolution
		HideSolutionNode = FALSE
	EndGlobalSection
	GlobalSection(ExtensibilityGlobals) = postSolution
		SolutionGuid = {BA184A8A-D83E-4775-BA5A-01AA000C469C}
	EndGlobalSection
EndGlobal
