
Microsoft Visual Studio Solution File, Format Version 12.00
# Visual Studio Version 17
VisualStudioVersion = 17.3.32929.385
MinimumVisualStudioVersion = 10.0.40219.1
Project("{9A19103F-16F7-4668-BE54-9A1E7A4F7556}") = "LinearExpressions1", "LinearExpressions1\LinearExpressions1.csproj", "{DA4C66D8-0384-4C8C-B188-2A7F2A18BED3}"
EndProject
Project("{FAE04EC0-301F-11D3-BF4B-00C04F79EFBC}") = "LinearExpressions2", "LinearExpressions2\LinearExpressions2.csproj", "{29614FE0-8184-4452-A6CA-F481CD3F2D6E}"
EndProject
Global
	GlobalSection(SolutionConfigurationPlatforms) = preSolution
		Debug|Any CPU = Debug|Any CPU
		Release|Any CPU = Release|Any CPU
	EndGlobalSection
	GlobalSection(ProjectConfigurationPlatforms) = postSolution
		{DA4C66D8-0384-4C8C-B188-2A7F2A18BED3}.Debug|Any CPU.ActiveCfg = Debug|Any CPU
		{DA4C66D8-0384-4C8C-B188-2A7F2A18BED3}.Debug|Any CPU.Build.0 = Debug|Any CPU
		{DA4C66D8-0384-4C8C-B188-2A7F2A18BED3}.Release|Any CPU.ActiveCfg = Release|Any CPU
		{DA4C66D8-0384-4C8C-B188-2A7F2A18BED3}.Release|Any CPU.Build.0 = Release|Any CPU
		{29614FE0-8184-4452-A6CA-F481CD3F2D6E}.Debug|Any CPU.ActiveCfg = Debug|Any CPU
		{29614FE0-8184-4452-A6CA-F481CD3F2D6E}.Debug|Any CPU.Build.0 = Debug|Any CPU
		{29614FE0-8184-4452-A6CA-F481CD3F2D6E}.Release|Any CPU.ActiveCfg = Release|Any CPU
		{29614FE0-8184-4452-A6CA-F481CD3F2D6E}.Release|Any CPU.Build.0 = Release|Any CPU
	EndGlobalSection
	GlobalSection(SolutionProperties) = preSolution
		HideSolutionNode = FALSE
	EndGlobalSection
	GlobalSection(ExtensibilityGlobals) = postSolution
		SolutionGuid = {408B2BEF-85FF-4D41-A35B-D1BBA5D59B10}
	EndGlobalSection
EndGlobal
