
Microsoft Visual Studio Solution File, Format Version 12.00
# Visual Studio Version 17
VisualStudioVersion = 17.3.32929.385
MinimumVisualStudioVersion = 10.0.40219.1
Project("{FAE04EC0-301F-11D3-BF4B-00C04F79EFBC}") = "LinearExpressions1", "LinearExpressions1\LinearExpressions1.csproj", "{548F56A9-0430-4D49-99D8-79B7C5805DA2}"
EndProject
Global
	GlobalSection(SolutionConfigurationPlatforms) = preSolution
		Debug|Any CPU = Debug|Any CPU
		Release|Any CPU = Release|Any CPU
	EndGlobalSection
	GlobalSection(ProjectConfigurationPlatforms) = postSolution
		{548F56A9-0430-4D49-99D8-79B7C5805DA2}.Debug|Any CPU.ActiveCfg = Debug|Any CPU
		{548F56A9-0430-4D49-99D8-79B7C5805DA2}.Debug|Any CPU.Build.0 = Debug|Any CPU
		{548F56A9-0430-4D49-99D8-79B7C5805DA2}.Release|Any CPU.ActiveCfg = Release|Any CPU
		{548F56A9-0430-4D49-99D8-79B7C5805DA2}.Release|Any CPU.Build.0 = Release|Any CPU
	EndGlobalSection
	GlobalSection(SolutionProperties) = preSolution
		HideSolutionNode = FALSE
	EndGlobalSection
	GlobalSection(ExtensibilityGlobals) = postSolution
		SolutionGuid = {629260A7-38E0-4EC1-B634-5F62261CB8F7}
	EndGlobalSection
EndGlobal
