
Microsoft Visual Studio Solution File, Format Version 12.00
# Visual Studio Version 17
VisualStudioVersion = 17.1.32421.90
MinimumVisualStudioVersion = 10.0.40219.1
Project("{9A19103F-16F7-4668-BE54-9A1E7A4F7556}") = "LinearExpressions1", "LinearExpressions1\LinearExpressions1.csproj", "{4E6DE857-3717-46E1-A43E-14E71E84531F}"
EndProject
Project("{FAE04EC0-301F-11D3-BF4B-00C04F79EFBC}") = "LinearExpressions2", "LinearExpressions2\LinearExpressions2.csproj", "{2A3C3BB7-9788-40A1-879A-01628F5C1423}"
EndProject
Global
	GlobalSection(SolutionConfigurationPlatforms) = preSolution
		Debug|Any CPU = Debug|Any CPU
		Release|Any CPU = Release|Any CPU
	EndGlobalSection
	GlobalSection(ProjectConfigurationPlatforms) = postSolution
		{4E6DE857-3717-46E1-A43E-14E71E84531F}.Debug|Any CPU.ActiveCfg = Debug|Any CPU
		{4E6DE857-3717-46E1-A43E-14E71E84531F}.Debug|Any CPU.Build.0 = Debug|Any CPU
		{4E6DE857-3717-46E1-A43E-14E71E84531F}.Release|Any CPU.ActiveCfg = Release|Any CPU
		{4E6DE857-3717-46E1-A43E-14E71E84531F}.Release|Any CPU.Build.0 = Release|Any CPU
		{2A3C3BB7-9788-40A1-879A-01628F5C1423}.Debug|Any CPU.ActiveCfg = Debug|Any CPU
		{2A3C3BB7-9788-40A1-879A-01628F5C1423}.Debug|Any CPU.Build.0 = Debug|Any CPU
		{2A3C3BB7-9788-40A1-879A-01628F5C1423}.Release|Any CPU.ActiveCfg = Release|Any CPU
		{2A3C3BB7-9788-40A1-879A-01628F5C1423}.Release|Any CPU.Build.0 = Release|Any CPU
	EndGlobalSection
	GlobalSection(SolutionProperties) = preSolution
		HideSolutionNode = FALSE
	EndGlobalSection
	GlobalSection(ExtensibilityGlobals) = postSolution
		SolutionGuid = {9A685E4E-9665-49E7-A45A-383DCEAF5A9D}
	EndGlobalSection
EndGlobal
